// !$*UTF8*$!
{
	archiveVersion = 1;
	classes = {
	};
	objectVersion = 55;
	objects = {

/* Begin PBXBuildFile section */
		371751D528D7A5E400A5D023 /* Verification.swift in Sources */ = {isa = PBXBuildFile; fileRef = 371751D428D7A5E400A5D023 /* Verification.swift */; };
		371751D728D860BE00A5D023 /* CustomNumberPad.swift in Sources */ = {isa = PBXBuildFile; fileRef = 371751D628D860BE00A5D023 /* CustomNumberPad.swift */; };
		371751D928D87A5500A5D023 /* GoogleService-Info.plist in Resources */ = {isa = PBXBuildFile; fileRef = 371751D828D87A5500A5D023 /* GoogleService-Info.plist */; };
		37C7AAB528D3808D008E1300 /* NumberAuthApp.swift in Sources */ = {isa = PBXBuildFile; fileRef = 37C7AAB428D3808D008E1300 /* NumberAuthApp.swift */; };
		37C7AAB728D3808D008E1300 /* ContentView.swift in Sources */ = {isa = PBXBuildFile; fileRef = 37C7AAB628D3808D008E1300 /* ContentView.swift */; };
		37C7AAB928D3808E008E1300 /* Assets.xcassets in Resources */ = {isa = PBXBuildFile; fileRef = 37C7AAB828D3808E008E1300 /* Assets.xcassets */; };
		37C7AABC28D3808E008E1300 /* Preview Assets.xcassets in Resources */ = {isa = PBXBuildFile; fileRef = 37C7AABB28D3808E008E1300 /* Preview Assets.xcassets */; };
		37C7AAC528D4CCDA008E1300 /* Login.swift in Sources */ = {isa = PBXBuildFile; fileRef = 37C7AAC428D4CCDA008E1300 /* Login.swift */; };
		37C7AAC728D4D097008E1300 /* LoginViewModel.swift in Sources */ = {isa = PBXBuildFile; fileRef = 37C7AAC628D4D097008E1300 /* LoginViewModel.swift */; };
		37C7AACA28D4E4B2008E1300 /* Countries.swift in Sources */ = {isa = PBXBuildFile; fileRef = 37C7AAC928D4E4B2008E1300 /* Countries.swift */; };
		37F2AC3528D8A37500A02B6B /* AlartView.swift in Sources */ = {isa = PBXBuildFile; fileRef = 37F2AC3428D8A37400A02B6B /* AlartView.swift */; };
		37F2AC3728D8F14800A02B6B /* Home.swift in Sources */ = {isa = PBXBuildFile; fileRef = 37F2AC3628D8F14800A02B6B /* Home.swift */; };
		6C7DF127CB710F4299538C20 /* Pods_NumberAuth.framework in Frameworks */ = {isa = PBXBuildFile; fileRef = 90B2D0F11BA602408FF49E35 /* Pods_NumberAuth.framework */; };
/* End PBXBuildFile section */

/* Begin PBXFileReference section */
		28BB3BEC43B7B2E17FA07E85 /* Pods-NumberAuth.debug.xcconfig */ = {isa = PBXFileReference; includeInIndex = 1; lastKnownFileType = text.xcconfig; name = "Pods-NumberAuth.debug.xcconfig"; path = "Target Support Files/Pods-NumberAuth/Pods-NumberAuth.debug.xcconfig"; sourceTree = "<group>"; };
		371751D428D7A5E400A5D023 /* Verification.swift */ = {isa = PBXFileReference; lastKnownFileType = sourcecode.swift; path = Verification.swift; sourceTree = "<group>"; };
		371751D628D860BE00A5D023 /* CustomNumberPad.swift */ = {isa = PBXFileReference; lastKnownFileType = sourcecode.swift; path = CustomNumberPad.swift; sourceTree = "<group>"; };
		371751D828D87A5500A5D023 /* GoogleService-Info.plist */ = {isa = PBXFileReference; fileEncoding = 4; lastKnownFileType = text.plist.xml; path = "GoogleService-Info.plist"; sourceTree = "<group>"; };
		371751DA28D87AFA00A5D023 /* Info.plist */ = {isa = PBXFileReference; lastKnownFileType = text.plist; path = Info.plist; sourceTree = "<group>"; };
		37C7AAB128D3808D008E1300 /* NumberAuth.app */ = {isa = PBXFileReference; explicitFileType = wrapper.application; includeInIndex = 0; path = NumberAuth.app; sourceTree = BUILT_PRODUCTS_DIR; };
		37C7AAB428D3808D008E1300 /* NumberAuthApp.swift */ = {isa = PBXFileReference; lastKnownFileType = sourcecode.swift; path = NumberAuthApp.swift; sourceTree = "<group>"; };
		37C7AAB628D3808D008E1300 /* ContentView.swift */ = {isa = PBXFileReference; lastKnownFileType = sourcecode.swift; path = ContentView.swift; sourceTree = "<group>"; };
		37C7AAB828D3808E008E1300 /* Assets.xcassets */ = {isa = PBXFileReference; lastKnownFileType = folder.assetcatalog; path = Assets.xcassets; sourceTree = "<group>"; };
		37C7AABB28D3808E008E1300 /* Preview Assets.xcassets */ = {isa = PBXFileReference; lastKnownFileType = folder.assetcatalog; path = "Preview Assets.xcassets"; sourceTree = "<group>"; };
		37C7AAC428D4CCDA008E1300 /* Login.swift */ = {isa = PBXFileReference; lastKnownFileType = sourcecode.swift; path = Login.swift; sourceTree = "<group>"; };
		37C7AAC628D4D097008E1300 /* LoginViewModel.swift */ = {isa = PBXFileReference; lastKnownFileType = sourcecode.swift; path = LoginViewModel.swift; sourceTree = "<group>"; };
		37C7AAC928D4E4B2008E1300 /* Countries.swift */ = {isa = PBXFileReference; lastKnownFileType = sourcecode.swift; path = Countries.swift; sourceTree = "<group>"; };
		37F2AC3428D8A37400A02B6B /* AlartView.swift */ = {isa = PBXFileReference; lastKnownFileType = sourcecode.swift; path = AlartView.swift; sourceTree = "<group>"; };
		37F2AC3628D8F14800A02B6B /* Home.swift */ = {isa = PBXFileReference; lastKnownFileType = sourcecode.swift; path = Home.swift; sourceTree = "<group>"; };
		90B2D0F11BA602408FF49E35 /* Pods_NumberAuth.framework */ = {isa = PBXFileReference; explicitFileType = wrapper.framework; includeInIndex = 0; path = Pods_NumberAuth.framework; sourceTree = BUILT_PRODUCTS_DIR; };
		E96C6B5AF8E8529BC6C990F2 /* Pods-NumberAuth.release.xcconfig */ = {isa = PBXFileReference; includeInIndex = 1; lastKnownFileType = text.xcconfig; name = "Pods-NumberAuth.release.xcconfig"; path = "Target Support Files/Pods-NumberAuth/Pods-NumberAuth.release.xcconfig"; sourceTree = "<group>"; };
/* End PBXFileReference section */

/* Begin PBXFrameworksBuildPhase section */
		37C7AAAE28D3808D008E1300 /* Frameworks */ = {
			isa = PBXFrameworksBuildPhase;
			buildActionMask = 2147483647;
			files = (
				6C7DF127CB710F4299538C20 /* Pods_NumberAuth.framework in Frameworks */,
			);
			runOnlyForDeploymentPostprocessing = 0;
		};
/* End PBXFrameworksBuildPhase section */

/* Begin PBXGroup section */
		07F9652B8A1ECCFC219E4D25 /* Frameworks */ = {
			isa = PBXGroup;
			children = (
				90B2D0F11BA602408FF49E35 /* Pods_NumberAuth.framework */,
			);
			name = Frameworks;
			sourceTree = "<group>";
		};
		37C7AAA828D3808D008E1300 = {
			isa = PBXGroup;
			children = (
				371751D828D87A5500A5D023 /* GoogleService-Info.plist */,
				37C7AAB328D3808D008E1300 /* NumberAuth */,
				37C7AAB228D3808D008E1300 /* Products */,
				865ACE9F38C1322CEA3BA6B4 /* Pods */,
				07F9652B8A1ECCFC219E4D25 /* Frameworks */,
			);
			sourceTree = "<group>";
		};
		37C7AAB228D3808D008E1300 /* Products */ = {
			isa = PBXGroup;
			children = (
				37C7AAB128D3808D008E1300 /* NumberAuth.app */,
			);
			name = Products;
			sourceTree = "<group>";
		};
		37C7AAB328D3808D008E1300 /* NumberAuth */ = {
			isa = PBXGroup;
			children = (
				371751DA28D87AFA00A5D023 /* Info.plist */,
				37C7AAC828D4E497008E1300 /* Model */,
				37C7AAC328D4CCC5008E1300 /* View */,
				37C7AAC228D4CCBA008E1300 /* ViewModel */,
				37C7AAB428D3808D008E1300 /* NumberAuthApp.swift */,
				37C7AAB628D3808D008E1300 /* ContentView.swift */,
				37C7AAB828D3808E008E1300 /* Assets.xcassets */,
				37C7AABA28D3808E008E1300 /* Preview Content */,
			);
			path = NumberAuth;
			sourceTree = "<group>";
		};
		37C7AABA28D3808E008E1300 /* Preview Content */ = {
			isa = PBXGroup;
			children = (
				37C7AABB28D3808E008E1300 /* Preview Assets.xcassets */,
			);
			path = "Preview Content";
			sourceTree = "<group>";
		};
		37C7AAC228D4CCBA008E1300 /* ViewModel */ = {
			isa = PBXGroup;
			children = (
				37C7AAC628D4D097008E1300 /* LoginViewModel.swift */,
			);
			path = ViewModel;
			sourceTree = "<group>";
		};
		37C7AAC328D4CCC5008E1300 /* View */ = {
			isa = PBXGroup;
			children = (
				37C7AAC428D4CCDA008E1300 /* Login.swift */,
				371751D428D7A5E400A5D023 /* Verification.swift */,
				371751D628D860BE00A5D023 /* CustomNumberPad.swift */,
				37F2AC3428D8A37400A02B6B /* AlartView.swift */,
				37F2AC3628D8F14800A02B6B /* Home.swift */,
			);
			path = View;
			sourceTree = "<group>";
		};
		37C7AAC828D4E497008E1300 /* Model */ = {
			isa = PBXGroup;
			children = (
				37C7AAC928D4E4B2008E1300 /* Countries.swift */,
			);
			path = Model;
			sourceTree = "<group>";
		};
		865ACE9F38C1322CEA3BA6B4 /* Pods */ = {
			isa = PBXGroup;
			children = (
				28BB3BEC43B7B2E17FA07E85 /* Pods-NumberAuth.debug.xcconfig */,
				E96C6B5AF8E8529BC6C990F2 /* Pods-NumberAuth.release.xcconfig */,
			);
			path = Pods;
			sourceTree = "<group>";
		};
/* End PBXGroup section */

/* Begin PBXNativeTarget section */
		37C7AAB028D3808D008E1300 /* NumberAuth */ = {
			isa = PBXNativeTarget;
			buildConfigurationList = 37C7AABF28D3808E008E1300 /* Build configuration list for PBXNativeTarget "NumberAuth" */;
			buildPhases = (
				0A5CC94B3EAF44722A3AE32A /* [CP] Check Pods Manifest.lock */,
				37C7AAAD28D3808D008E1300 /* Sources */,
				37C7AAAE28D3808D008E1300 /* Frameworks */,
				37C7AAAF28D3808D008E1300 /* Resources */,
				F3850B72664205149D4589BF /* [CP] Embed Pods Frameworks */,
			);
			buildRules = (
			);
			dependencies = (
			);
			name = NumberAuth;
			productName = NumberAuth;
			productReference = 37C7AAB128D3808D008E1300 /* NumberAuth.app */;
			productType = "com.apple.product-type.application";
		};
/* End PBXNativeTarget section */

/* Begin PBXProject section */
		37C7AAA928D3808D008E1300 /* Project object */ = {
			isa = PBXProject;
			attributes = {
				BuildIndependentTargetsInParallel = 1;
				LastSwiftUpdateCheck = 1340;
				LastUpgradeCheck = 1340;
				TargetAttributes = {
					37C7AAB028D3808D008E1300 = {
						CreatedOnToolsVersion = 13.4;
					};
				};
			};
			buildConfigurationList = 37C7AAAC28D3808D008E1300 /* Build configuration list for PBXProject "NumberAuth" */;
			compatibilityVersion = "Xcode 13.0";
			developmentRegion = en;
			hasScannedForEncodings = 0;
			knownRegions = (
				en,
				Base,
			);
			mainGroup = 37C7AAA828D3808D008E1300;
			productRefGroup = 37C7AAB228D3808D008E1300 /* Products */;
			projectDirPath = "";
			projectRoot = "";
			targets = (
				37C7AAB028D3808D008E1300 /* NumberAuth */,
			);
		};
/* End PBXProject section */

/* Begin PBXResourcesBuildPhase section */
		37C7AAAF28D3808D008E1300 /* Resources */ = {
			isa = PBXResourcesBuildPhase;
			buildActionMask = 2147483647;
			files = (
				37C7AABC28D3808E008E1300 /* Preview Assets.xcassets in Resources */,
				37C7AAB928D3808E008E1300 /* Assets.xcassets in Resources */,
				371751D928D87A5500A5D023 /* GoogleService-Info.plist in Resources */,
			);
			runOnlyForDeploymentPostprocessing = 0;
		};
/* End PBXResourcesBuildPhase section */

/* Begin PBXShellScriptBuildPhase section */
		0A5CC94B3EAF44722A3AE32A /* [CP] Check Pods Manifest.lock */ = {
			isa = PBXShellScriptBuildPhase;
			buildActionMask = 2147483647;
			files = (
			);
			inputFileListPaths = (
			);
			inputPaths = (
				"${PODS_PODFILE_DIR_PATH}/Podfile.lock",
				"${PODS_ROOT}/Manifest.lock",
			);
			name = "[CP] Check Pods Manifest.lock";
			outputFileListPaths = (
			);
			outputPaths = (
				"$(DERIVED_FILE_DIR)/Pods-NumberAuth-checkManifestLockResult.txt",
			);
			runOnlyForDeploymentPostprocessing = 0;
			shellPath = /bin/sh;
			shellScript = "diff \"${PODS_PODFILE_DIR_PATH}/Podfile.lock\" \"${PODS_ROOT}/Manifest.lock\" > /dev/null\nif [ $? != 0 ] ; then\n    # print error to STDERR\n    echo \"error: The sandbox is not in sync with the Podfile.lock. Run 'pod install' or update your CocoaPods installation.\" >&2\n    exit 1\nfi\n# This output is used by Xcode 'outputs' to avoid re-running this script phase.\necho \"SUCCESS\" > \"${SCRIPT_OUTPUT_FILE_0}\"\n";
			showEnvVarsInLog = 0;
		};
		F3850B72664205149D4589BF /* [CP] Embed Pods Frameworks */ = {
			isa = PBXShellScriptBuildPhase;
			buildActionMask = 2147483647;
			files = (
			);
			inputFileListPaths = (
				"${PODS_ROOT}/Target Support Files/Pods-NumberAuth/Pods-NumberAuth-frameworks-${CONFIGURATION}-input-files.xcfilelist",
			);
			name = "[CP] Embed Pods Frameworks";
			outputFileListPaths = (
				"${PODS_ROOT}/Target Support Files/Pods-NumberAuth/Pods-NumberAuth-frameworks-${CONFIGURATION}-output-files.xcfilelist",
			);
			runOnlyForDeploymentPostprocessing = 0;
			shellPath = /bin/sh;
			shellScript = "\"${PODS_ROOT}/Target Support Files/Pods-NumberAuth/Pods-NumberAuth-frameworks.sh\"\n";
			showEnvVarsInLog = 0;
		};
/* End PBXShellScriptBuildPhase section */

/* Begin PBXSourcesBuildPhase section */
		37C7AAAD28D3808D008E1300 /* Sources */ = {
			isa = PBXSourcesBuildPhase;
			buildActionMask = 2147483647;
			files = (
				371751D528D7A5E400A5D023 /* Verification.swift in Sources */,
				37F2AC3528D8A37500A02B6B /* AlartView.swift in Sources */,
				37C7AAC728D4D097008E1300 /* LoginViewModel.swift in Sources */,
				37C7AAC528D4CCDA008E1300 /* Login.swift in Sources */,
				37F2AC3728D8F14800A02B6B /* Home.swift in Sources */,
				37C7AAB728D3808D008E1300 /* ContentView.swift in Sources */,
				37C7AACA28D4E4B2008E1300 /* Countries.swift in Sources */,
				37C7AAB528D3808D008E1300 /* NumberAuthApp.swift in Sources */,
				371751D728D860BE00A5D023 /* CustomNumberPad.swift in Sources */,
			);
			runOnlyForDeploymentPostprocessing = 0;
		};
/* End PBXSourcesBuildPhase section */

/* Begin XCBuildConfiguration section */
		37C7AABD28D3808E008E1300 /* Debug */ = {
			isa = XCBuildConfiguration;
			buildSettings = {
				ALWAYS_SEARCH_USER_PATHS = NO;
				CLANG_ANALYZER_NONNULL = YES;
				CLANG_ANALYZER_NUMBER_OBJECT_CONVERSION = YES_AGGRESSIVE;
				CLANG_CXX_LANGUAGE_STANDARD = "gnu++17";
				CLANG_ENABLE_MODULES = YES;
				CLANG_ENABLE_OBJC_ARC = YES;
				CLANG_ENABLE_OBJC_WEAK = YES;
				CLANG_WARN_BLOCK_CAPTURE_AUTORELEASING = YES;
				CLANG_WARN_BOOL_CONVERSION = YES;
				CLANG_WARN_COMMA = YES;
				CLANG_WARN_CONSTANT_CONVERSION = YES;
				CLANG_WARN_DEPRECATED_OBJC_IMPLEMENTATIONS = YES;
				CLANG_WARN_DIRECT_OBJC_ISA_USAGE = YES_ERROR;
				CLANG_WARN_DOCUMENTATION_COMMENTS = YES;
				CLANG_WARN_EMPTY_BODY = YES;
				CLANG_WARN_ENUM_CONVERSION = YES;
				CLANG_WARN_INFINITE_RECURSION = YES;
				CLANG_WARN_INT_CONVERSION = YES;
				CLANG_WARN_NON_LITERAL_NULL_CONVERSION = YES;
				CLANG_WARN_OBJC_IMPLICIT_RETAIN_SELF = YES;
				CLANG_WARN_OBJC_LITERAL_CONVERSION = YES;
				CLANG_WARN_OBJC_ROOT_CLASS = YES_ERROR;
				CLANG_WARN_QUOTED_INCLUDE_IN_FRAMEWORK_HEADER = YES;
				CLANG_WARN_RANGE_LOOP_ANALYSIS = YES;
				CLANG_WARN_STRICT_PROTOTYPES = YES;
				CLANG_WARN_SUSPICIOUS_MOVE = YES;
				CLANG_WARN_UNGUARDED_AVAILABILITY = YES_AGGRESSIVE;
				CLANG_WARN_UNREACHABLE_CODE = YES;
				CLANG_WARN__DUPLICATE_METHOD_MATCH = YES;
				COPY_PHASE_STRIP = NO;
				DEBUG_INFORMATION_FORMAT = dwarf;
				ENABLE_STRICT_OBJC_MSGSEND = YES;
				ENABLE_TESTABILITY = YES;
				GCC_C_LANGUAGE_STANDARD = gnu11;
				GCC_DYNAMIC_NO_PIC = NO;
				GCC_NO_COMMON_BLOCKS = YES;
				GCC_OPTIMIZATION_LEVEL = 0;
				GCC_PREPROCESSOR_DEFINITIONS = (
					"DEBUG=1",
					"$(inherited)",
				);
				GCC_WARN_64_TO_32_BIT_CONVERSION = YES;
				GCC_WARN_ABOUT_RETURN_TYPE = YES_ERROR;
				GCC_WARN_UNDECLARED_SELECTOR = YES;
				GCC_WARN_UNINITIALIZED_AUTOS = YES_AGGRESSIVE;
				GCC_WARN_UNUSED_FUNCTION = YES;
				GCC_WARN_UNUSED_VARIABLE = YES;
				IPHONEOS_DEPLOYMENT_TARGET = 15.5;
				MTL_ENABLE_DEBUG_INFO = INCLUDE_SOURCE;
				MTL_FAST_MATH = YES;
				ONLY_ACTIVE_ARCH = YES;
				SDKROOT = iphoneos;
				SWIFT_ACTIVE_COMPILATION_CONDITIONS = DEBUG;
				SWIFT_OPTIMIZATION_LEVEL = "-Onone";
			};
			name = Debug;
		};
		37C7AABE28D3808E008E1300 /* Release */ = {
			isa = XCBuildConfiguration;
			buildSettings = {
				ALWAYS_SEARCH_USER_PATHS = NO;
				CLANG_ANALYZER_NONNULL = YES;
				CLANG_ANALYZER_NUMBER_OBJECT_CONVERSION = YES_AGGRESSIVE;
				CLANG_CXX_LANGUAGE_STANDARD = "gnu++17";
				CLANG_ENABLE_MODULES = YES;
				CLANG_ENABLE_OBJC_ARC = YES;
				CLANG_ENABLE_OBJC_WEAK = YES;
				CLANG_WARN_BLOCK_CAPTURE_AUTORELEASING = YES;
				CLANG_WARN_BOOL_CONVERSION = YES;
				CLANG_WARN_COMMA = YES;
				CLANG_WARN_CONSTANT_CONVERSION = YES;
				CLANG_WARN_DEPRECATED_OBJC_IMPLEMENTATIONS = YES;
				CLANG_WARN_DIRECT_OBJC_ISA_USAGE = YES_ERROR;
				CLANG_WARN_DOCUMENTATION_COMMENTS = YES;
				CLANG_WARN_EMPTY_BODY = YES;
				CLANG_WARN_ENUM_CONVERSION = YES;
				CLANG_WARN_INFINITE_RECURSION = YES;
				CLANG_WARN_INT_CONVERSION = YES;
				CLANG_WARN_NON_LITERAL_NULL_CONVERSION = YES;
				CLANG_WARN_OBJC_IMPLICIT_RETAIN_SELF = YES;
				CLANG_WARN_OBJC_LITERAL_CONVERSION = YES;
				CLANG_WARN_OBJC_ROOT_CLASS = YES_ERROR;
				CLANG_WARN_QUOTED_INCLUDE_IN_FRAMEWORK_HEADER = YES;
				CLANG_WARN_RANGE_LOOP_ANALYSIS = YES;
				CLANG_WARN_STRICT_PROTOTYPES = YES;
				CLANG_WARN_SUSPICIOUS_MOVE = YES;
				CLANG_WARN_UNGUARDED_AVAILABILITY = YES_AGGRESSIVE;
				CLANG_WARN_UNREACHABLE_CODE = YES;
				CLANG_WARN__DUPLICATE_METHOD_MATCH = YES;
				COPY_PHASE_STRIP = NO;
				DEBUG_INFORMATION_FORMAT = "dwarf-with-dsym";
				ENABLE_NS_ASSERTIONS = NO;
				ENABLE_STRICT_OBJC_MSGSEND = YES;
				GCC_C_LANGUAGE_STANDARD = gnu11;
				GCC_NO_COMMON_BLOCKS = YES;
				GCC_WARN_64_TO_32_BIT_CONVERSION = YES;
				GCC_WARN_ABOUT_RETURN_TYPE = YES_ERROR;
				GCC_WARN_UNDECLARED_SELECTOR = YES;
				GCC_WARN_UNINITIALIZED_AUTOS = YES_AGGRESSIVE;
				GCC_WARN_UNUSED_FUNCTION = YES;
				GCC_WARN_UNUSED_VARIABLE = YES;
				IPHONEOS_DEPLOYMENT_TARGET = 15.5;
				MTL_ENABLE_DEBUG_INFO = NO;
				MTL_FAST_MATH = YES;
				SDKROOT = iphoneos;
				SWIFT_COMPILATION_MODE = wholemodule;
				SWIFT_OPTIMIZATION_LEVEL = "-O";
				VALIDATE_PRODUCT = YES;
			};
			name = Release;
		};
		37C7AAC028D3808E008E1300 /* Debug */ = {
			isa = XCBuildConfiguration;
			baseConfigurationReference = 28BB3BEC43B7B2E17FA07E85 /* Pods-NumberAuth.debug.xcconfig */;
			buildSettings = {
				ASSETCATALOG_COMPILER_APPICON_NAME = AppIcon;
				ASSETCATALOG_COMPILER_GLOBAL_ACCENT_COLOR_NAME = AccentColor;
				CODE_SIGN_STYLE = Automatic;
				CURRENT_PROJECT_VERSION = 1;
				DEVELOPMENT_ASSET_PATHS = "\"NumberAuth/Preview Content\"";
				DEVELOPMENT_TEAM = 37P2V26KZ2;
				ENABLE_PREVIEWS = YES;
				GENERATE_INFOPLIST_FILE = YES;
				INFOPLIST_FILE = NumberAuth/Info.plist;
				INFOPLIST_KEY_UIApplicationSceneManifest_Generation = YES;
				INFOPLIST_KEY_UIApplicationSupportsIndirectInputEvents = YES;
				INFOPLIST_KEY_UILaunchScreen_Generation = YES;
				INFOPLIST_KEY_UISupportedInterfaceOrientations_iPad = "UIInterfaceOrientationPortrait UIInterfaceOrientationPortraitUpsideDown UIInterfaceOrientationLandscapeLeft UIInterfaceOrientationLandscapeRight";
				INFOPLIST_KEY_UISupportedInterfaceOrientations_iPhone = "UIInterfaceOrientationPortrait UIInterfaceOrientationLandscapeLeft UIInterfaceOrientationLandscapeRight";
				LD_RUNPATH_SEARCH_PATHS = (
					"$(inherited)",
					"@executable_path/Frameworks",
				);
				MARKETING_VERSION = 1.0;
				PRODUCT_BUNDLE_IDENTIFIER = "jannatun-nahar-papia.NumberAuth";
				PRODUCT_NAME = "$(TARGET_NAME)";
				SWIFT_EMIT_LOC_STRINGS = YES;
				SWIFT_VERSION = 5.0;
				TARGETED_DEVICE_FAMILY = "1,2";
			};
			name = Debug;
		};
		37C7AAC128D3808E008E1300 /* Release */ = {
			isa = XCBuildConfiguration;
			baseConfigurationReference = E96C6B5AF8E8529BC6C990F2 /* Pods-NumberAuth.release.xcconfig */;
			buildSettings = {
				ASSETCATALOG_COMPILER_APPICON_NAME = AppIcon;
				ASSETCATALOG_COMPILER_GLOBAL_ACCENT_COLOR_NAME = AccentColor;
				CODE_SIGN_STYLE = Automatic;
				CURRENT_PROJECT_VERSION = 1;
				DEVELOPMENT_ASSET_PATHS = "\"NumberAuth/Preview Content\"";
				DEVELOPMENT_TEAM = 37P2V26KZ2;
				ENABLE_PREVIEWS = YES;
				GENERATE_INFOPLIST_FILE = YES;
				INFOPLIST_FILE = NumberAuth/Info.plist;
				INFOPLIST_KEY_UIApplicationSceneManifest_Generation = YES;
				INFOPLIST_KEY_UIApplicationSupportsIndirectInputEvents = YES;
				INFOPLIST_KEY_UILaunchScreen_Generation = YES;
				INFOPLIST_KEY_UISupportedInterfaceOrientations_iPad = "UIInterfaceOrientationPortrait UIInterfaceOrientationPortraitUpsideDown UIInterfaceOrientationLandscapeLeft UIInterfaceOrientationLandscapeRight";
				INFOPLIST_KEY_UISupportedInterfaceOrientations_iPhone = "UIInterfaceOrientationPortrait UIInterfaceOrientationLandscapeLeft UIInterfaceOrientationLandscapeRight";
				LD_RUNPATH_SEARCH_PATHS = (
					"$(inherited)",
					"@executable_path/Frameworks",
				);
				MARKETING_VERSION = 1.0;
				PRODUCT_BUNDLE_IDENTIFIER = "jannatun-nahar-papia.NumberAuth";
				PRODUCT_NAME = "$(TARGET_NAME)";
				SWIFT_EMIT_LOC_STRINGS = YES;
				SWIFT_VERSION = 5.0;
				TARGETED_DEVICE_FAMILY = "1,2";
			};
			name = Release;
		};
/* End XCBuildConfiguration section */

/* Begin XCConfigurationList section */
		37C7AAAC28D3808D008E1300 /* Build configuration list for PBXProject "NumberAuth" */ = {
			isa = XCConfigurationList;
			buildConfigurations = (
				37C7AABD28D3808E008E1300 /* Debug */,
				37C7AABE28D3808E008E1300 /* Release */,
			);
			defaultConfigurationIsVisible = 0;
			defaultConfigurationName = Release;
		};
		37C7AABF28D3808E008E1300 /* Build configuration list for PBXNativeTarget "NumberAuth" */ = {
			isa = XCConfigurationList;
			buildConfigurations = (
				37C7AAC028D3808E008E1300 /* Debug */,
				37C7AAC128D3808E008E1300 /* Release */,
			);
			defaultConfigurationIsVisible = 0;
			defaultConfigurationName = Release;
		};
/* End XCConfigurationList section */
	};
	rootObject = 37C7AAA928D3808D008E1300 /* Project object */;
}
